
Microsoft Visual Studio Solution File, Format Version 12.00
# Visual Studio Version 16
VisualStudioVersion = 16.0.31729.503
MinimumVisualStudioVersion = 10.0.40219.1
Project("{FAE04EC0-301F-11D3-BF4B-00C04F79EFBC}") = "detailedEntityFrameworkCore", "detailedEntityFrameworkCore\detailedEntityFrameworkCore.csproj", "{B599F0AD-89B6-40FA-B3F9-3DADFF7AEB57}"
EndProject
Global
	GlobalSection(SolutionConfigurationPlatforms) = preSolution
		Debug|Any CPU = Debug|Any CPU
		Release|Any CPU = Release|Any CPU
	EndGlobalSection
	GlobalSection(ProjectConfigurationPlatforms) = postSolution
		{B599F0AD-89B6-40FA-B3F9-3DADFF7AEB57}.Debug|Any CPU.ActiveCfg = Debug|Any CPU
		{B599F0AD-89B6-40FA-B3F9-3DADFF7AEB57}.Debug|Any CPU.Build.0 = Debug|Any CPU
		{B599F0AD-89B6-40FA-B3F9-3DADFF7AEB57}.Release|Any CPU.ActiveCfg = Release|Any CPU
		{B599F0AD-89B6-40FA-B3F9-3DADFF7AEB57}.Release|Any CPU.Build.0 = Release|Any CPU
	EndGlobalSection
	GlobalSection(SolutionProperties) = preSolution
		HideSolutionNode = FALSE
	EndGlobalSection
	GlobalSection(ExtensibilityGlobals) = postSolution
		SolutionGuid = {FC3AE7C0-6C65-4DCA-8321-88ED02F5CFED}
	EndGlobalSection
EndGlobal
