
Microsoft Visual Studio Solution File, Format Version 12.00
# Visual Studio Version 16
VisualStudioVersion = 16.0.31729.503
MinimumVisualStudioVersion = 10.0.40219.1
Project("{FAE04EC0-301F-11D3-BF4B-00C04F79EFBC}") = "SingleResponsibility", "SingleResponsibility\SingleResponsibility.csproj", "{090482C0-241A-476E-A0D9-89344B5FFC59}"
EndProject
Project("{FAE04EC0-301F-11D3-BF4B-00C04F79EFBC}") = "OpenClosedPrinciple", "OpenClosedPrinciple\OpenClosedPrinciple.csproj", "{22D4CCAB-8435-45AF-960C-20343E53A9F6}"
EndProject
Global
	GlobalSection(SolutionConfigurationPlatforms) = preSolution
		Debug|Any CPU = Debug|Any CPU
		Release|Any CPU = Release|Any CPU
	EndGlobalSection
	GlobalSection(ProjectConfigurationPlatforms) = postSolution
		{090482C0-241A-476E-A0D9-89344B5FFC59}.Debug|Any CPU.ActiveCfg = Debug|Any CPU
		{090482C0-241A-476E-A0D9-89344B5FFC59}.Debug|Any CPU.Build.0 = Debug|Any CPU
		{090482C0-241A-476E-A0D9-89344B5FFC59}.Release|Any CPU.ActiveCfg = Release|Any CPU
		{090482C0-241A-476E-A0D9-89344B5FFC59}.Release|Any CPU.Build.0 = Release|Any CPU
		{22D4CCAB-8435-45AF-960C-20343E53A9F6}.Debug|Any CPU.ActiveCfg = Debug|Any CPU
		{22D4CCAB-8435-45AF-960C-20343E53A9F6}.Debug|Any CPU.Build.0 = Debug|Any CPU
		{22D4CCAB-8435-45AF-960C-20343E53A9F6}.Release|Any CPU.ActiveCfg = Release|Any CPU
		{22D4CCAB-8435-45AF-960C-20343E53A9F6}.Release|Any CPU.Build.0 = Release|Any CPU
	EndGlobalSection
	GlobalSection(SolutionProperties) = preSolution
		HideSolutionNode = FALSE
	EndGlobalSection
	GlobalSection(ExtensibilityGlobals) = postSolution
		SolutionGuid = {AE089439-1986-4FEA-BA10-CD3599989002}
	EndGlobalSection
EndGlobal
