
Microsoft Visual Studio Solution File, Format Version 12.00
# Visual Studio Version 16
VisualStudioVersion = 16.0.31729.503
MinimumVisualStudioVersion = 10.0.40219.1
Project("{FAE04EC0-301F-11D3-BF4B-00C04F79EFBC}") = "miniTavsiye", "miniTavsiye\miniTavsiye.csproj", "{D2E05F59-4DC3-4A93-9CBB-449C588B3227}"
EndProject
Global
	GlobalSection(SolutionConfigurationPlatforms) = preSolution
		Debug|Any CPU = Debug|Any CPU
		Release|Any CPU = Release|Any CPU
	EndGlobalSection
	GlobalSection(ProjectConfigurationPlatforms) = postSolution
		{D2E05F59-4DC3-4A93-9CBB-449C588B3227}.Debug|Any CPU.ActiveCfg = Debug|Any CPU
		{D2E05F59-4DC3-4A93-9CBB-449C588B3227}.Debug|Any CPU.Build.0 = Debug|Any CPU
		{D2E05F59-4DC3-4A93-9CBB-449C588B3227}.Release|Any CPU.ActiveCfg = Release|Any CPU
		{D2E05F59-4DC3-4A93-9CBB-449C588B3227}.Release|Any CPU.Build.0 = Release|Any CPU
	EndGlobalSection
	GlobalSection(SolutionProperties) = preSolution
		HideSolutionNode = FALSE
	EndGlobalSection
	GlobalSection(ExtensibilityGlobals) = postSolution
		SolutionGuid = {54016EF1-B830-4629-B3FC-708D32FF663E}
	EndGlobalSection
EndGlobal
