
Microsoft Visual Studio Solution File, Format Version 12.00
# Visual Studio Version 16
VisualStudioVersion = 16.0.31729.503
MinimumVisualStudioVersion = 10.0.40219.1
Project("{FAE04EC0-301F-11D3-BF4B-00C04F79EFBC}") = "Functions", "Functions\Functions.csproj", "{F220B1BA-3773-48AA-8A6F-B9577CE4BADD}"
EndProject
Global
	GlobalSection(SolutionConfigurationPlatforms) = preSolution
		Debug|Any CPU = Debug|Any CPU
		Release|Any CPU = Release|Any CPU
	EndGlobalSection
	GlobalSection(ProjectConfigurationPlatforms) = postSolution
		{F220B1BA-3773-48AA-8A6F-B9577CE4BADD}.Debug|Any CPU.ActiveCfg = Debug|Any CPU
		{F220B1BA-3773-48AA-8A6F-B9577CE4BADD}.Debug|Any CPU.Build.0 = Debug|Any CPU
		{F220B1BA-3773-48AA-8A6F-B9577CE4BADD}.Release|Any CPU.ActiveCfg = Release|Any CPU
		{F220B1BA-3773-48AA-8A6F-B9577CE4BADD}.Release|Any CPU.Build.0 = Release|Any CPU
	EndGlobalSection
	GlobalSection(SolutionProperties) = preSolution
		HideSolutionNode = FALSE
	EndGlobalSection
	GlobalSection(ExtensibilityGlobals) = postSolution
		SolutionGuid = {69330A54-D2CD-4AFD-BF45-86C2CAB11CAD}
	EndGlobalSection
EndGlobal
