
Microsoft Visual Studio Solution File, Format Version 12.00
# Visual Studio Version 17
VisualStudioVersion = 17.1.32328.378
MinimumVisualStudioVersion = 10.0.40219.1
Project("{FAE04EC0-301F-11D3-BF4B-00C04F79EFBC}") = "CacheMechanisms", "CacheMechanisms\CacheMechanisms.csproj", "{1538260E-6214-4605-937E-BFAA457E56E1}"
EndProject
Global
	GlobalSection(SolutionConfigurationPlatforms) = preSolution
		Debug|Any CPU = Debug|Any CPU
		Release|Any CPU = Release|Any CPU
	EndGlobalSection
	GlobalSection(ProjectConfigurationPlatforms) = postSolution
		{1538260E-6214-4605-937E-BFAA457E56E1}.Debug|Any CPU.ActiveCfg = Debug|Any CPU
		{1538260E-6214-4605-937E-BFAA457E56E1}.Debug|Any CPU.Build.0 = Debug|Any CPU
		{1538260E-6214-4605-937E-BFAA457E56E1}.Release|Any CPU.ActiveCfg = Release|Any CPU
		{1538260E-6214-4605-937E-BFAA457E56E1}.Release|Any CPU.Build.0 = Release|Any CPU
	EndGlobalSection
	GlobalSection(SolutionProperties) = preSolution
		HideSolutionNode = FALSE
	EndGlobalSection
	GlobalSection(ExtensibilityGlobals) = postSolution
		SolutionGuid = {C50C16E7-965F-4685-8F35-28BCE82166F1}
	EndGlobalSection
EndGlobal
