
Microsoft Visual Studio Solution File, Format Version 12.00
# Visual Studio Version 17
VisualStudioVersion = 17.1.32328.378
MinimumVisualStudioVersion = 10.0.40219.1
Project("{FAE04EC0-301F-11D3-BF4B-00C04F79EFBC}") = "sample", "sample\sample.csproj", "{145B26D4-9417-42C4-9C80-24A9DC4857E4}"
EndProject
Global
	GlobalSection(SolutionConfigurationPlatforms) = preSolution
		Debug|Any CPU = Debug|Any CPU
		Release|Any CPU = Release|Any CPU
	EndGlobalSection
	GlobalSection(ProjectConfigurationPlatforms) = postSolution
		{145B26D4-9417-42C4-9C80-24A9DC4857E4}.Debug|Any CPU.ActiveCfg = Debug|Any CPU
		{145B26D4-9417-42C4-9C80-24A9DC4857E4}.Debug|Any CPU.Build.0 = Debug|Any CPU
		{145B26D4-9417-42C4-9C80-24A9DC4857E4}.Release|Any CPU.ActiveCfg = Release|Any CPU
		{145B26D4-9417-42C4-9C80-24A9DC4857E4}.Release|Any CPU.Build.0 = Release|Any CPU
	EndGlobalSection
	GlobalSection(SolutionProperties) = preSolution
		HideSolutionNode = FALSE
	EndGlobalSection
	GlobalSection(ExtensibilityGlobals) = postSolution
		SolutionGuid = {162A5947-B80E-4474-AB01-26E6591EAB1B}
	EndGlobalSection
EndGlobal
