
Microsoft Visual Studio Solution File, Format Version 12.00
# Visual Studio Version 16
VisualStudioVersion = 16.0.31729.503
MinimumVisualStudioVersion = 10.0.40219.1
Project("{FAE04EC0-301F-11D3-BF4B-00C04F79EFBC}") = "introEntityFramework", "introEntityFramework\introEntityFramework.csproj", "{7E077844-72EF-422E-A3F9-E778E221A540}"
EndProject
Global
	GlobalSection(SolutionConfigurationPlatforms) = preSolution
		Debug|Any CPU = Debug|Any CPU
		Release|Any CPU = Release|Any CPU
	EndGlobalSection
	GlobalSection(ProjectConfigurationPlatforms) = postSolution
		{7E077844-72EF-422E-A3F9-E778E221A540}.Debug|Any CPU.ActiveCfg = Debug|Any CPU
		{7E077844-72EF-422E-A3F9-E778E221A540}.Debug|Any CPU.Build.0 = Debug|Any CPU
		{7E077844-72EF-422E-A3F9-E778E221A540}.Release|Any CPU.ActiveCfg = Release|Any CPU
		{7E077844-72EF-422E-A3F9-E778E221A540}.Release|Any CPU.Build.0 = Release|Any CPU
	EndGlobalSection
	GlobalSection(SolutionProperties) = preSolution
		HideSolutionNode = FALSE
	EndGlobalSection
	GlobalSection(ExtensibilityGlobals) = postSolution
		SolutionGuid = {00DDDE04-16AA-40BA-AE5C-24241BD51D04}
	EndGlobalSection
EndGlobal
